<?xml version="1.0" encoding="utf-8"?>
<Project ToolsVersion="4.0" xmlns="http://schemas.microsoft.com/developer/msbuild/2003">
  <ItemGroup>
    <Filter Include="Source Files">
      <UniqueIdentifier>{4FC737F1-C7A5-4376-A066-2A32D752A2FF}</UniqueIdentifier>
      <Extensions>cpp;c;cc;cxx;c++;cppm;ixx;def;odl;idl;hpj;bat;asm;asmx</Extensions>
    </Filter>
    <Filter Include="Header Files">
      <UniqueIdentifier>{93995380-89BD-4b04-88EB-625FBE52EBFB}</UniqueIdentifier>
      <Extensions>h;hh;hpp;hxx;h++;hm;inl;inc;ipp;xsd</Extensions>
    </Filter>
    <Filter Include="Resource Files">
      <UniqueIdentifier>{67DA6AB6-F800-4c08-8B7A-83BB121AAD01}</UniqueIdentifier>
      <Extensions>rc;ico;cur;bmp;dlg;rc2;rct;bin;rgs;gif;jpg;jpeg;jpe;resx;tiff;tif;png;wav;mfcribbon-ms</Extensions>
    </Filter>
    <Filter Include="StdLib">
      <UniqueIdentifier>{c6bec1ef-6471-4837-9a94-f1eac998a8ff}</UniqueIdentifier>
    </Filter>
    <Filter Include="Parsing">
      <UniqueIdentifier>{81fd9c63-3895-4185-bebd-d993f7478e8e}</UniqueIdentifier>
    </Filter>
    <Filter Include="Execution">
      <UniqueIdentifier>{a8ff446e-ae01-42a9-9e5a-f64e3df6dbee}</UniqueIdentifier>
    </Filter>
    <Filter Include="Core">
      <UniqueIdentifier>{8cd473bb-1d66-4236-9975-5b6e88af8df2}</UniqueIdentifier>
    </Filter>
    <Filter Include="StdLib\Windows">
      <UniqueIdentifier>{420c94fc-75e3-42be-acb1-7a8852783c56}</UniqueIdentifier>
    </Filter>
    <Filter Include="Helpers">
      <UniqueIdentifier>{e4d33457-0c38-434b-a09c-d1988d244296}</UniqueIdentifier>
    </Filter>
  </ItemGroup>
  <ItemGroup>
    <ClInclude Include="SmallString.h">
      <Filter>Header Files</Filter>
    </ClInclude>
    <ClInclude Include="EnumClassBitwise.h">
      <Filter>Header Files</Filter>
    </ClInclude>
    <ClInclude Include="Parser.h">
      <Filter>Parsing</Filter>
    </ClInclude>
    <ClInclude Include="Parselets.h">
      <Filter>Parsing</Filter>
    </ClInclude>
    <ClInclude Include="ParseError.h">
      <Filter>Parsing</Filter>
    </ClInclude>
    <ClInclude Include="Tokenizer.h">
      <Filter>Parsing</Filter>
    </ClInclude>
    <ClInclude Include="Interpreter.h">
      <Filter>Execution</Filter>
    </ClInclude>
    <ClInclude Include="Scope.h">
      <Filter>Execution</Filter>
    </ClInclude>
    <ClInclude Include="ArrayType.h">
      <Filter>StdLib</Filter>
    </ClInclude>
    <ClInclude Include="Runtime.h">
      <Filter>Execution</Filter>
    </ClInclude>
    <ClInclude Include="StringType.h">
      <Filter>StdLib</Filter>
    </ClInclude>
    <ClInclude Include="VectorEnumerator.h">
      <Filter>StdLib</Filter>
    </ClInclude>
    <ClInclude Include="NoCopyMove.h">
      <Filter>Header Files</Filter>
    </ClInclude>
    <ClInclude Include="RuntimeObject.h">
      <Filter>Execution</Filter>
    </ClInclude>
    <ClInclude Include="ObjectType.h">
      <Filter>Execution</Filter>
    </ClInclude>
    <ClInclude Include="RangeType.h">
      <Filter>StdLib</Filter>
    </ClInclude>
    <ClInclude Include="Token.h">
      <Filter>Parsing</Filter>
    </ClInclude>
    <ClInclude Include="SliceType.h">
      <Filter>StdLib</Filter>
    </ClInclude>
    <ClInclude Include="AstNode.h">
      <Filter>Parsing</Filter>
    </ClInclude>
    <ClInclude Include="CoreInterfaces.h">
      <Filter>Core</Filter>
    </ClInclude>
    <ClInclude Include="Visitor.h">
      <Filter>Core</Filter>
    </ClInclude>
    <ClInclude Include="Value.h">
      <Filter>Core</Filter>
    </ClInclude>
    <ClInclude Include="ObjectPtr.h">
      <Filter>Execution</Filter>
    </ClInclude>
    <ClInclude Include="SymbolTable.h">
      <Filter>Parsing</Filter>
    </ClInclude>
    <ClInclude Include="TypeHelper.h">
      <Filter>StdLib</Filter>
    </ClInclude>
    <ClInclude Include="EnumType.h">
      <Filter>StdLib</Filter>
    </ClInclude>
    <ClInclude Include="MathType.h">
      <Filter>StdLib</Filter>
    </ClInclude>
    <ClInclude Include="ConsoleType.h">
      <Filter>StdLib</Filter>
    </ClInclude>
    <ClInclude Include="ComplexType.h">
      <Filter>StdLib</Filter>
    </ClInclude>
    <ClInclude Include="StructObject.h">
      <Filter>StdLib</Filter>
    </ClInclude>
    <ClInclude Include="RuntimeType.h">
      <Filter>StdLib</Filter>
    </ClInclude>
    <ClInclude Include="COMType.h">
      <Filter>StdLib\Windows</Filter>
    </ClInclude>
    <ClInclude Include="DebugType.h">
      <Filter>StdLib</Filter>
    </ClInclude>
    <ClInclude Include="DebugHelper.h">
      <Filter>Helpers</Filter>
    </ClInclude>
    <ClInclude Include="IntegerType.h">
      <Filter>StdLib</Filter>
    </ClInclude>
    <ClInclude Include="RealType.h">
      <Filter>StdLib</Filter>
    </ClInclude>
    <ClInclude Include="BooleanType.h">
      <Filter>StdLib</Filter>
    </ClInclude>
    <ClInclude Include="ObjectInstance.h">
      <Filter>StdLib</Filter>
    </ClInclude>
  </ItemGroup>
  <ItemGroup>
    <ClCompile Include="SmallString.cpp">
      <Filter>Source Files</Filter>
    </ClCompile>
    <ClCompile Include="Parser.cpp">
      <Filter>Parsing</Filter>
    </ClCompile>
    <ClCompile Include="Parselets.cpp">
      <Filter>Parsing</Filter>
    </ClCompile>
    <ClCompile Include="ParseError.cpp">
      <Filter>Parsing</Filter>
    </ClCompile>
    <ClCompile Include="Tokenizer.cpp">
      <Filter>Parsing</Filter>
    </ClCompile>
    <ClCompile Include="Interpreter.cpp">
      <Filter>Execution</Filter>
    </ClCompile>
    <ClCompile Include="Scope.cpp">
      <Filter>Execution</Filter>
    </ClCompile>
    <ClCompile Include="ArrayType.cpp">
      <Filter>StdLib</Filter>
    </ClCompile>
    <ClCompile Include="Runtime.cpp">
      <Filter>Execution</Filter>
    </ClCompile>
    <ClCompile Include="StringType.cpp">
      <Filter>StdLib</Filter>
    </ClCompile>
    <ClCompile Include="VectorEnumerator.cpp">
      <Filter>StdLib</Filter>
    </ClCompile>
    <ClCompile Include="RuntimeObject.cpp">
      <Filter>Execution</Filter>
    </ClCompile>
    <ClCompile Include="ObjectType.cpp">
      <Filter>Execution</Filter>
    </ClCompile>
    <ClCompile Include="RangeType.cpp">
      <Filter>StdLib</Filter>
    </ClCompile>
    <ClCompile Include="Token.cpp">
      <Filter>Parsing</Filter>
    </ClCompile>
    <ClCompile Include="SliceType.cpp">
      <Filter>StdLib</Filter>
    </ClCompile>
    <ClCompile Include="AstNode.cpp">
      <Filter>Parsing</Filter>
    </ClCompile>
    <ClCompile Include="SymbolTable.cpp">
      <Filter>Parsing</Filter>
    </ClCompile>
    <ClCompile Include="Visitor.cpp">
      <Filter>Core</Filter>
    </ClCompile>
    <ClCompile Include="Value.cpp">
      <Filter>Core</Filter>
    </ClCompile>
    <ClCompile Include="EnumType.cpp">
      <Filter>StdLib</Filter>
    </ClCompile>
    <ClCompile Include="MathType.cpp">
      <Filter>StdLib</Filter>
    </ClCompile>
    <ClCompile Include="ConsoleType.cpp">
      <Filter>StdLib</Filter>
    </ClCompile>
    <ClCompile Include="ComplexType.cpp">
      <Filter>StdLib</Filter>
    </ClCompile>
    <ClCompile Include="RuntimeType.cpp">
      <Filter>StdLib</Filter>
    </ClCompile>
    <ClCompile Include="COMType.cpp">
      <Filter>StdLib\Windows</Filter>
    </ClCompile>
    <ClCompile Include="StructObjectBase.cpp">
      <Filter>Source Files</Filter>
    </ClCompile>
    <ClCompile Include="StructObject.cpp">
      <Filter>StdLib</Filter>
    </ClCompile>
    <ClCompile Include="DebugType.cpp">
      <Filter>StdLib</Filter>
    </ClCompile>
    <ClCompile Include="DebugHelper.cpp">
      <Filter>Helpers</Filter>
    </ClCompile>
    <ClCompile Include="IntegerType.cpp">
      <Filter>StdLib</Filter>
    </ClCompile>
    <ClCompile Include="Enumerable.cpp">
      <Filter>StdLib</Filter>
    </ClCompile>
    <ClCompile Include="RealType.cpp">
      <Filter>StdLib</Filter>
    </ClCompile>
    <ClCompile Include="BooleanType.cpp">
      <Filter>StdLib</Filter>
    </ClCompile>
    <ClCompile Include="ObjectInstance.cpp">
      <Filter>StdLib</Filter>
    </ClCompile>
  </ItemGroup>
  <ItemGroup>
    <Natvis Include="Dynamix.natvis" />
  </ItemGroup>
</Project>